
Microsoft Visual Studio Solution File, Format Version 12.00
# Visual Studio Version 17
VisualStudioVersion = 17.9.34902.65
MinimumVisualStudioVersion = 10.0.40219.1
Project("{FAE04EC0-301F-11D3-BF4B-00C04F79EFBC}") = "RM", "RM\RM.csproj", "{6CD00F38-8600-40B4-9A69-C7A7DCC186B8}"
EndProject
Global
	GlobalSection(SolutionConfigurationPlatforms) = preSolution
		Debug|Any CPU = Debug|Any CPU
		Release|Any CPU = Release|Any CPU
	EndGlobalSection
	GlobalSection(ProjectConfigurationPlatforms) = postSolution
		{6CD00F38-8600-40B4-9A69-C7A7DCC186B8}.Debug|Any CPU.ActiveCfg = Debug|Any CPU
		{6CD00F38-8600-40B4-9A69-C7A7DCC186B8}.Debug|Any CPU.Build.0 = Debug|Any CPU
		{6CD00F38-8600-40B4-9A69-C7A7DCC186B8}.Release|Any CPU.ActiveCfg = Release|Any CPU
		{6CD00F38-8600-40B4-9A69-C7A7DCC186B8}.Release|Any CPU.Build.0 = Release|Any CPU
	EndGlobalSection
	GlobalSection(SolutionProperties) = preSolution
		HideSolutionNode = FALSE
	EndGlobalSection
	GlobalSection(ExtensibilityGlobals) = postSolution
		SolutionGuid = {5AD7103D-4F64-435E-A9FE-3436A897310A}
	EndGlobalSection
EndGlobal
